
Microsoft Visual Studio Solution File, Format Version 12.00
# Visual Studio Version 17
VisualStudioVersion = 17.7.34202.233
MinimumVisualStudioVersion = 10.0.40219.1
Project("{8BC9CEB8-8B4A-11D0-8D11-00A0C91BC942}") = "kosullu_ifadeler", "kosullu_ifadeler\kosullu_ifadeler.vcxproj", "{DDD61D75-5A6B-4511-A14C-D2D664B91ABC}"
EndProject
Global
	GlobalSection(SolutionConfigurationPlatforms) = preSolution
		Debug|x64 = Debug|x64
		Debug|x86 = Debug|x86
		Release|x64 = Release|x64
		Release|x86 = Release|x86
	EndGlobalSection
	GlobalSection(ProjectConfigurationPlatforms) = postSolution
		{DDD61D75-5A6B-4511-A14C-D2D664B91ABC}.Debug|x64.ActiveCfg = Debug|x64
		{DDD61D75-5A6B-4511-A14C-D2D664B91ABC}.Debug|x64.Build.0 = Debug|x64
		{DDD61D75-5A6B-4511-A14C-D2D664B91ABC}.Debug|x86.ActiveCfg = Debug|Win32
		{DDD61D75-5A6B-4511-A14C-D2D664B91ABC}.Debug|x86.Build.0 = Debug|Win32
		{DDD61D75-5A6B-4511-A14C-D2D664B91ABC}.Release|x64.ActiveCfg = Release|x64
		{DDD61D75-5A6B-4511-A14C-D2D664B91ABC}.Release|x64.Build.0 = Release|x64
		{DDD61D75-5A6B-4511-A14C-D2D664B91ABC}.Release|x86.ActiveCfg = Release|Win32
		{DDD61D75-5A6B-4511-A14C-D2D664B91ABC}.Release|x86.Build.0 = Release|Win32
	EndGlobalSection
	GlobalSection(SolutionProperties) = preSolution
		HideSolutionNode = FALSE
	EndGlobalSection
	GlobalSection(ExtensibilityGlobals) = postSolution
		SolutionGuid = {74A5F091-0E8E-42DD-85FF-8B4A70AA5477}
	EndGlobalSection
EndGlobal
